
Microsoft Visual Studio Solution File, Format Version 12.00
# Visual Studio 15
VisualStudioVersion = 15.0.28306.52
MinimumVisualStudioVersion = 10.0.40219.1
Project("{FAE04EC0-301F-11D3-BF4B-00C04F79EFBC}") = "IntToRoman", "IntToRoman\IntToRoman.csproj", "{0B27FF07-113F-4542-9DCB-7C67E32163AE}"
EndProject
Global
	GlobalSection(SolutionConfigurationPlatforms) = preSolution
		Debug|Any CPU = Debug|Any CPU
		Release|Any CPU = Release|Any CPU
	EndGlobalSection
	GlobalSection(ProjectConfigurationPlatforms) = postSolution
		{0B27FF07-113F-4542-9DCB-7C67E32163AE}.Debug|Any CPU.ActiveCfg = Debug|Any CPU
		{0B27FF07-113F-4542-9DCB-7C67E32163AE}.Debug|Any CPU.Build.0 = Debug|Any CPU
		{0B27FF07-113F-4542-9DCB-7C67E32163AE}.Release|Any CPU.ActiveCfg = Release|Any CPU
		{0B27FF07-113F-4542-9DCB-7C67E32163AE}.Release|Any CPU.Build.0 = Release|Any CPU
	EndGlobalSection
	GlobalSection(SolutionProperties) = preSolution
		HideSolutionNode = FALSE
	EndGlobalSection
	GlobalSection(ExtensibilityGlobals) = postSolution
		SolutionGuid = {4970B1E3-46FC-4441-9787-841C9FE96EA3}
	EndGlobalSection
EndGlobal
